
Microsoft Visual Studio Solution File, Format Version 12.00
# Visual Studio Version 17
VisualStudioVersion = 17.4.33213.308
MinimumVisualStudioVersion = 10.0.40219.1
Project("{FAE04EC0-301F-11D3-BF4B-00C04F79EFBC}") = "groupOrdering", "groupOrdering\groupOrdering.csproj", "{A23A5DB9-8E9D-4BFD-A03A-30BB94FFD03E}"
EndProject
Global
	GlobalSection(SolutionConfigurationPlatforms) = preSolution
		Debug|Any CPU = Debug|Any CPU
		Release|Any CPU = Release|Any CPU
	EndGlobalSection
	GlobalSection(ProjectConfigurationPlatforms) = postSolution
		{A23A5DB9-8E9D-4BFD-A03A-30BB94FFD03E}.Debug|Any CPU.ActiveCfg = Debug|Any CPU
		{A23A5DB9-8E9D-4BFD-A03A-30BB94FFD03E}.Debug|Any CPU.Build.0 = Debug|Any CPU
		{A23A5DB9-8E9D-4BFD-A03A-30BB94FFD03E}.Release|Any CPU.ActiveCfg = Release|Any CPU
		{A23A5DB9-8E9D-4BFD-A03A-30BB94FFD03E}.Release|Any CPU.Build.0 = Release|Any CPU
	EndGlobalSection
	GlobalSection(SolutionProperties) = preSolution
		HideSolutionNode = FALSE
	EndGlobalSection
	GlobalSection(ExtensibilityGlobals) = postSolution
		SolutionGuid = {010955D2-B874-45B7-A039-D44858EF56AB}
	EndGlobalSection
EndGlobal
